{
  "name": "@capsid-runtime/h3-v2-reference",
  "version": "0.0.0",
  "lockfileVersion": 3,
  "requires": true,
  "packages": {
    "": {
      "name": "@capsid-runtime/h3-v2-reference",
      "version": "0.0.0",
      "dependencies": {
        "h3": "2.0.1-rc.26"
      }
    },
    "node_modules/h3": {
      "version": "2.0.1-rc.26",
      "resolved": "https://registry.npmjs.org/h3/-/h3-2.0.1-rc.26.tgz",
      "integrity": "sha512-GDxlvDsKxgjRvG5UBRJYyGJTMWLV30CJ4cV+e7QCTgftDHihrvio1fVPbNembhEr6J4WNm8IWy3fookgyTweLw==",
      "license": "MIT",
      "dependencies": {
        "rou3": "^0.9.1",
        "srvx": "^0.12.4"
      },
      "bin": {
        "h3": "bin/h3.mjs"
      },
      "engines": {
        "node": ">=20.11.1"
      },
      "peerDependencies": {
        "crossws": "^0.4.9"
      },
      "peerDependenciesMeta": {
        "crossws": {
          "optional": true
        }
      }
    },
    "node_modules/rou3": {
      "version": "0.9.1",
      "resolved": "https://registry.npmjs.org/rou3/-/rou3-0.9.1.tgz",
      "integrity": "sha512-z/sSmzvtwMDDnxsPVhfWMuG6F6mbmhFDXoVqLmMfbpDD9qfV3GDmSQpf0+W296/ZDIpW2wcMmBfpVFzcnOi/nA==",
      "license": "MIT"
    },
    "node_modules/srvx": {
      "version": "0.12.4",
      "resolved": "https://registry.npmjs.org/srvx/-/srvx-0.12.4.tgz",
      "integrity": "sha512-RixzFlMn3dvzDTpKIAXhXrqL4cy6vScNCP0VVwgVbUBU94o+DiXLsFnAZetbyKAEnK6Ox3hzHXWGsyv/Iibv7g==",
      "license": "MIT",
      "bin": {
        "srvx": "bin/srvx.mjs"
      },
      "engines": {
        "node": ">=20.16.0"
      }
    }
  }
}
